// !$*UTF8*$!
{
	archiveVersion = 1;
	classes = {
	};
	objectVersion = 56;
	objects = {

/* Begin PBXBuildFile section */
		C20CF2C32C6A974A009CE98E /* RevisionAppApp.swift in Sources */ = {isa = PBXBuildFile; fileRef = C20CF2C22C6A974A009CE98E /* RevisionAppApp.swift */; };
		C20CF2C52C6A974A009CE98E /* QuizView.swift in Sources */ = {isa = PBXBuildFile; fileRef = C20CF2C42C6A974A009CE98E /* QuizView.swift */; };
		C20CF2C72C6A974C009CE98E /* Assets.xcassets in Resources */ = {isa = PBXBuildFile; fileRef = C20CF2C62C6A974C009CE98E /* Assets.xcassets */; };
		C20CF2CA2C6A974C009CE98E /* Preview Assets.xcassets in Resources */ = {isa = PBXBuildFile; fileRef = C20CF2C92C6A974C009CE98E /* Preview Assets.xcassets */; };
		C20CF2D12C6A9A53009CE98E /* QuizModel.swift in Sources */ = {isa = PBXBuildFile; fileRef = C20CF2D02C6A9A53009CE98E /* QuizModel.swift */; };
		C20CF2D32C6A9ABD009CE98E /* QuizViewModel.swift in Sources */ = {isa = PBXBuildFile; fileRef = C20CF2D22C6A9ABD009CE98E /* QuizViewModel.swift */; };
		C20CF2D52C6BD866009CE98E /* AnswerButton.swift in Sources */ = {isa = PBXBuildFile; fileRef = C20CF2D42C6BD866009CE98E /* AnswerButton.swift */; };
		C20CF2E92C6BED8C009CE98E /* General.json in Resources */ = {isa = PBXBuildFile; fileRef = C20CF2E82C6BED8C009CE98E /* General.json */; };
		C2542F902CD006AD003188E7 /* Practical MVVM.json in Resources */ = {isa = PBXBuildFile; fileRef = C2542F8F2CD006AD003188E7 /* Practical MVVM.json */; };
		C2542F922CDD4945003188E7 /* CategoryView.swift in Sources */ = {isa = PBXBuildFile; fileRef = C2542F912CDD4945003188E7 /* CategoryView.swift */; };
		C2542F952CDD62E1003188E7 /* QuizSelector.swift in Sources */ = {isa = PBXBuildFile; fileRef = C2542F942CDD62DF003188E7 /* QuizSelector.swift */; };
		C2542F972CDD665B003188E7 /* CatergoriesViewModel.swift in Sources */ = {isa = PBXBuildFile; fileRef = C2542F962CDD665B003188E7 /* CatergoriesViewModel.swift */; };
		C2549A6D2CC6AC740088A1A9 /* ProfileSheetView.swift in Sources */ = {isa = PBXBuildFile; fileRef = C2549A6C2CC6AC730088A1A9 /* ProfileSheetView.swift */; };
		C2F3617D2C7FC993000546A1 /* QuizMenuView.swift in Sources */ = {isa = PBXBuildFile; fileRef = C2F3617C2C7FC993000546A1 /* QuizMenuView.swift */; };
		C2F3617F2C7FCA26000546A1 /* MainViewModel.swift in Sources */ = {isa = PBXBuildFile; fileRef = C2F3617E2C7FCA26000546A1 /* MainViewModel.swift */; };
		C2F361832C7FCB4E000546A1 /* Router.swift in Sources */ = {isa = PBXBuildFile; fileRef = C2F361822C7FCB4E000546A1 /* Router.swift */; };
		C2F361852C7FCBFB000546A1 /* RouterProtocol.swift in Sources */ = {isa = PBXBuildFile; fileRef = C2F361842C7FCBFB000546A1 /* RouterProtocol.swift */; };
		C2F361BD2C84FA9F000546A1 /* MainButtonModifier.swift in Sources */ = {isa = PBXBuildFile; fileRef = C2F361BC2C84FA9F000546A1 /* MainButtonModifier.swift */; };
		C2F361BF2C87A150000546A1 /* AnswerSheetView.swift in Sources */ = {isa = PBXBuildFile; fileRef = C2F361BE2C87A150000546A1 /* AnswerSheetView.swift */; };
		C2F361C22C89093C000546A1 /* IncorrectAnswerSheet.swift in Sources */ = {isa = PBXBuildFile; fileRef = C2F361C12C89093C000546A1 /* IncorrectAnswerSheet.swift */; };
		C2F361C52C890A4D000546A1 /* CorrectAnswerSheet.swift in Sources */ = {isa = PBXBuildFile; fileRef = C2F361C42C890A4D000546A1 /* CorrectAnswerSheet.swift */; };
		C2F361C92C9060C2000546A1 /* Combine.json in Resources */ = {isa = PBXBuildFile; fileRef = C2F361C82C9060C2000546A1 /* Combine.json */; };
		C2F361CB2C90617D000546A1 /* Architecture.json in Resources */ = {isa = PBXBuildFile; fileRef = C2F361CA2C90617D000546A1 /* Architecture.json */; };
		C2F361CD2C9062F6000546A1 /* SwiftUI.json in Resources */ = {isa = PBXBuildFile; fileRef = C2F361CC2C9062F6000546A1 /* SwiftUI.json */; };
		C2F361CF2C90651E000546A1 /* Access and Visibility.json in Resources */ = {isa = PBXBuildFile; fileRef = C2F361CE2C90651E000546A1 /* Access and Visibility.json */; };
		C2F361D12C906B6C000546A1 /* QuizFinishedView.swift in Sources */ = {isa = PBXBuildFile; fileRef = C2F361D02C906B6C000546A1 /* QuizFinishedView.swift */; };
		C2F361D42C95C098000546A1 /* Quizzes.json in Resources */ = {isa = PBXBuildFile; fileRef = C2F361D32C95C098000546A1 /* Quizzes.json */; };
		C2F361D62C973ED6000546A1 /* ScoreManager.swift in Sources */ = {isa = PBXBuildFile; fileRef = C2F361D52C973ED6000546A1 /* ScoreManager.swift */; };
		C2F361DB2C9764A9000546A1 /* General 2.json in Resources */ = {isa = PBXBuildFile; fileRef = C2F361DA2C9764A9000546A1 /* General 2.json */; };
		C2F361DD2C976530000546A1 /* General 3.json in Resources */ = {isa = PBXBuildFile; fileRef = C2F361DC2C976530000546A1 /* General 3.json */; };
		C2F361DF2C976566000546A1 /* General 4.json in Resources */ = {isa = PBXBuildFile; fileRef = C2F361DE2C976566000546A1 /* General 4.json */; };
		C2F361E32C9767C3000546A1 /* General 5.json in Resources */ = {isa = PBXBuildFile; fileRef = C2F361E22C9767C3000546A1 /* General 5.json */; };
		C2F361E52C98BF36000546A1 /* General 6.json in Resources */ = {isa = PBXBuildFile; fileRef = C2F361E42C98BF36000546A1 /* General 6.json */; };
		C2F361E72C99E084000546A1 /* ProfileView.swift in Sources */ = {isa = PBXBuildFile; fileRef = C2F361E62C99E084000546A1 /* ProfileView.swift */; };
		C2F361EA2C99E1C7000546A1 /* ProfileStatView.swift in Sources */ = {isa = PBXBuildFile; fileRef = C2F361E92C99E1C7000546A1 /* ProfileStatView.swift */; };
		C2F361EC2C9A020D000546A1 /* BannerView.swift in Sources */ = {isa = PBXBuildFile; fileRef = C2F361EB2C9A020D000546A1 /* BannerView.swift */; };
		C2F361EE2C9A4466000546A1 /* QuizCarouselView.swift in Sources */ = {isa = PBXBuildFile; fileRef = C2F361ED2C9A4466000546A1 /* QuizCarouselView.swift */; };
		C2F361F02C9B0746000546A1 /* QuizCarouselViewModel.swift in Sources */ = {isa = PBXBuildFile; fileRef = C2F361EF2C9B0746000546A1 /* QuizCarouselViewModel.swift */; };
		C2F361F22C9B0BB9000546A1 /* Daily Quiz.json in Resources */ = {isa = PBXBuildFile; fileRef = C2F361F12C9B0BB9000546A1 /* Daily Quiz.json */; };
		C2F361F42C9B1AF3000546A1 /* Categories.json in Resources */ = {isa = PBXBuildFile; fileRef = C2F361F32C9B1AF3000546A1 /* Categories.json */; };
		C2F361F72C9B5BA0000546A1 /* TabView.swift in Sources */ = {isa = PBXBuildFile; fileRef = C2F361F62C9B5BA0000546A1 /* TabView.swift */; };
		C2F361F92CA1A12D000546A1 /* Combine 2.json in Resources */ = {isa = PBXBuildFile; fileRef = C2F361F82CA1A12D000546A1 /* Combine 2.json */; };
		C2F361FB2CA1A3E2000546A1 /* Combine 3.json in Resources */ = {isa = PBXBuildFile; fileRef = C2F361FA2CA1A3E2000546A1 /* Combine 3.json */; };
		C2F361FD2CA1DF7F000546A1 /* UIKit 1.json in Resources */ = {isa = PBXBuildFile; fileRef = C2F361FC2CA1DF7F000546A1 /* UIKit 1.json */; };
		C2F361FF2CA1DF9B000546A1 /* UIKit 2.json in Resources */ = {isa = PBXBuildFile; fileRef = C2F361FE2CA1DF9B000546A1 /* UIKit 2.json */; };
		C2F362012CA1DFB0000546A1 /* UIKit 3.json in Resources */ = {isa = PBXBuildFile; fileRef = C2F362002CA1DFB0000546A1 /* UIKit 3.json */; };
		C2F3622E2CA41194000546A1 /* RevisionAppTests.swift in Sources */ = {isa = PBXBuildFile; fileRef = C2F3622D2CA41194000546A1 /* RevisionAppTests.swift */; };
		C2F362342CA41198000546A1 /* MainViewModelTests.swift in Sources */ = {isa = PBXBuildFile; fileRef = C2F362252CA41150000546A1 /* MainViewModelTests.swift */; };
		C2F362362CA5F016000546A1 /* QuizViewModel.swift in Sources */ = {isa = PBXBuildFile; fileRef = C2F362352CA5F016000546A1 /* QuizViewModel.swift */; };
/* End PBXBuildFile section */

/* Begin PBXContainerItemProxy section */
		C2F3622F2CA41194000546A1 /* PBXContainerItemProxy */ = {
			isa = PBXContainerItemProxy;
			containerPortal = C20CF2B72C6A974A009CE98E /* Project object */;
			proxyType = 1;
			remoteGlobalIDString = C20CF2BE2C6A974A009CE98E;
			remoteInfo = RevisionApp;
		};
/* End PBXContainerItemProxy section */

/* Begin PBXFileReference section */
		C20CF2BF2C6A974A009CE98E /* RevisionApp.app */ = {isa = PBXFileReference; explicitFileType = wrapper.application; includeInIndex = 0; path = RevisionApp.app; sourceTree = BUILT_PRODUCTS_DIR; };
		C20CF2C22C6A974A009CE98E /* RevisionAppApp.swift */ = {isa = PBXFileReference; lastKnownFileType = sourcecode.swift; path = RevisionAppApp.swift; sourceTree = "<group>"; };
		C20CF2C42C6A974A009CE98E /* QuizView.swift */ = {isa = PBXFileReference; lastKnownFileType = sourcecode.swift; path = QuizView.swift; sourceTree = "<group>"; };
		C20CF2C62C6A974C009CE98E /* Assets.xcassets */ = {isa = PBXFileReference; lastKnownFileType = folder.assetcatalog; path = Assets.xcassets; sourceTree = "<group>"; };
		C20CF2C92C6A974C009CE98E /* Preview Assets.xcassets */ = {isa = PBXFileReference; lastKnownFileType = folder.assetcatalog; path = "Preview Assets.xcassets"; sourceTree = "<group>"; };
		C20CF2D02C6A9A53009CE98E /* QuizModel.swift */ = {isa = PBXFileReference; lastKnownFileType = sourcecode.swift; path = QuizModel.swift; sourceTree = "<group>"; };
		C20CF2D22C6A9ABD009CE98E /* QuizViewModel.swift */ = {isa = PBXFileReference; lastKnownFileType = sourcecode.swift; path = QuizViewModel.swift; sourceTree = "<group>"; };
		C20CF2D42C6BD866009CE98E /* AnswerButton.swift */ = {isa = PBXFileReference; lastKnownFileType = sourcecode.swift; path = AnswerButton.swift; sourceTree = "<group>"; };
		C20CF2E82C6BED8C009CE98E /* General.json */ = {isa = PBXFileReference; lastKnownFileType = text.json; path = General.json; sourceTree = "<group>"; };
		C2542F8F2CD006AD003188E7 /* Practical MVVM.json */ = {isa = PBXFileReference; fileEncoding = 4; lastKnownFileType = text.json; path = "Practical MVVM.json"; sourceTree = "<group>"; };
		C2542F912CDD4945003188E7 /* CategoryView.swift */ = {isa = PBXFileReference; lastKnownFileType = sourcecode.swift; path = CategoryView.swift; sourceTree = "<group>"; };
		C2542F942CDD62DF003188E7 /* QuizSelector.swift */ = {isa = PBXFileReference; lastKnownFileType = sourcecode.swift; path = QuizSelector.swift; sourceTree = "<group>"; };
		C2542F962CDD665B003188E7 /* CatergoriesViewModel.swift */ = {isa = PBXFileReference; lastKnownFileType = sourcecode.swift; path = CatergoriesViewModel.swift; sourceTree = "<group>"; };
		C2549A6C2CC6AC730088A1A9 /* ProfileSheetView.swift */ = {isa = PBXFileReference; lastKnownFileType = sourcecode.swift; path = ProfileSheetView.swift; sourceTree = "<group>"; };
		C2F3617C2C7FC993000546A1 /* QuizMenuView.swift */ = {isa = PBXFileReference; lastKnownFileType = sourcecode.swift; path = QuizMenuView.swift; sourceTree = "<group>"; };
		C2F3617E2C7FCA26000546A1 /* MainViewModel.swift */ = {isa = PBXFileReference; lastKnownFileType = sourcecode.swift; path = MainViewModel.swift; sourceTree = "<group>"; };
		C2F361822C7FCB4E000546A1 /* Router.swift */ = {isa = PBXFileReference; lastKnownFileType = sourcecode.swift; path = Router.swift; sourceTree = "<group>"; };
		C2F361842C7FCBFB000546A1 /* RouterProtocol.swift */ = {isa = PBXFileReference; lastKnownFileType = sourcecode.swift; path = RouterProtocol.swift; sourceTree = "<group>"; };
		C2F361BC2C84FA9F000546A1 /* MainButtonModifier.swift */ = {isa = PBXFileReference; lastKnownFileType = sourcecode.swift; path = MainButtonModifier.swift; sourceTree = "<group>"; };
		C2F361BE2C87A150000546A1 /* AnswerSheetView.swift */ = {isa = PBXFileReference; lastKnownFileType = sourcecode.swift; path = AnswerSheetView.swift; sourceTree = "<group>"; };
		C2F361C12C89093C000546A1 /* IncorrectAnswerSheet.swift */ = {isa = PBXFileReference; lastKnownFileType = sourcecode.swift; path = IncorrectAnswerSheet.swift; sourceTree = "<group>"; };
		C2F361C42C890A4D000546A1 /* CorrectAnswerSheet.swift */ = {isa = PBXFileReference; lastKnownFileType = sourcecode.swift; path = CorrectAnswerSheet.swift; sourceTree = "<group>"; };
		C2F361C82C9060C2000546A1 /* Combine.json */ = {isa = PBXFileReference; fileEncoding = 4; lastKnownFileType = text.json; path = Combine.json; sourceTree = "<group>"; };
		C2F361CA2C90617D000546A1 /* Architecture.json */ = {isa = PBXFileReference; fileEncoding = 4; lastKnownFileType = text.json; path = Architecture.json; sourceTree = "<group>"; };
		C2F361CC2C9062F6000546A1 /* SwiftUI.json */ = {isa = PBXFileReference; fileEncoding = 4; lastKnownFileType = text.json; path = SwiftUI.json; sourceTree = "<group>"; };
		C2F361CE2C90651E000546A1 /* Access and Visibility.json */ = {isa = PBXFileReference; fileEncoding = 4; lastKnownFileType = text.json; path = "Access and Visibility.json"; sourceTree = "<group>"; };
		C2F361D02C906B6C000546A1 /* QuizFinishedView.swift */ = {isa = PBXFileReference; lastKnownFileType = sourcecode.swift; path = QuizFinishedView.swift; sourceTree = "<group>"; };
		C2F361D32C95C098000546A1 /* Quizzes.json */ = {isa = PBXFileReference; fileEncoding = 4; lastKnownFileType = text.json; path = Quizzes.json; sourceTree = "<group>"; };
		C2F361D52C973ED6000546A1 /* ScoreManager.swift */ = {isa = PBXFileReference; lastKnownFileType = sourcecode.swift; path = ScoreManager.swift; sourceTree = "<group>"; };
		C2F361DA2C9764A9000546A1 /* General 2.json */ = {isa = PBXFileReference; fileEncoding = 4; lastKnownFileType = text.json; path = "General 2.json"; sourceTree = "<group>"; };
		C2F361DC2C976530000546A1 /* General 3.json */ = {isa = PBXFileReference; fileEncoding = 4; lastKnownFileType = text.json; path = "General 3.json"; sourceTree = "<group>"; };
		C2F361DE2C976566000546A1 /* General 4.json */ = {isa = PBXFileReference; fileEncoding = 4; lastKnownFileType = text.json; path = "General 4.json"; sourceTree = "<group>"; };
		C2F361E22C9767C3000546A1 /* General 5.json */ = {isa = PBXFileReference; fileEncoding = 4; lastKnownFileType = text.json; path = "General 5.json"; sourceTree = "<group>"; };
		C2F361E42C98BF36000546A1 /* General 6.json */ = {isa = PBXFileReference; fileEncoding = 4; lastKnownFileType = text.json; path = "General 6.json"; sourceTree = "<group>"; };
		C2F361E62C99E084000546A1 /* ProfileView.swift */ = {isa = PBXFileReference; lastKnownFileType = sourcecode.swift; path = ProfileView.swift; sourceTree = "<group>"; };
		C2F361E92C99E1C7000546A1 /* ProfileStatView.swift */ = {isa = PBXFileReference; lastKnownFileType = sourcecode.swift; path = ProfileStatView.swift; sourceTree = "<group>"; };
		C2F361EB2C9A020D000546A1 /* BannerView.swift */ = {isa = PBXFileReference; lastKnownFileType = sourcecode.swift; path = BannerView.swift; sourceTree = "<group>"; };
		C2F361ED2C9A4466000546A1 /* QuizCarouselView.swift */ = {isa = PBXFileReference; lastKnownFileType = sourcecode.swift; path = QuizCarouselView.swift; sourceTree = "<group>"; };
		C2F361EF2C9B0746000546A1 /* QuizCarouselViewModel.swift */ = {isa = PBXFileReference; lastKnownFileType = sourcecode.swift; path = QuizCarouselViewModel.swift; sourceTree = "<group>"; };
		C2F361F12C9B0BB9000546A1 /* Daily Quiz.json */ = {isa = PBXFileReference; fileEncoding = 4; lastKnownFileType = text.json; path = "Daily Quiz.json"; sourceTree = "<group>"; };
		C2F361F32C9B1AF3000546A1 /* Categories.json */ = {isa = PBXFileReference; fileEncoding = 4; lastKnownFileType = text.json; path = Categories.json; sourceTree = "<group>"; };
		C2F361F62C9B5BA0000546A1 /* TabView.swift */ = {isa = PBXFileReference; lastKnownFileType = sourcecode.swift; path = TabView.swift; sourceTree = "<group>"; };
		C2F361F82CA1A12D000546A1 /* Combine 2.json */ = {isa = PBXFileReference; fileEncoding = 4; lastKnownFileType = text.json; path = "Combine 2.json"; sourceTree = "<group>"; };
		C2F361FA2CA1A3E2000546A1 /* Combine 3.json */ = {isa = PBXFileReference; fileEncoding = 4; lastKnownFileType = text.json; path = "Combine 3.json"; sourceTree = "<group>"; };
		C2F361FC2CA1DF7F000546A1 /* UIKit 1.json */ = {isa = PBXFileReference; fileEncoding = 4; lastKnownFileType = text.json; path = "UIKit 1.json"; sourceTree = "<group>"; };
		C2F361FE2CA1DF9B000546A1 /* UIKit 2.json */ = {isa = PBXFileReference; fileEncoding = 4; lastKnownFileType = text.json; path = "UIKit 2.json"; sourceTree = "<group>"; };
		C2F362002CA1DFB0000546A1 /* UIKit 3.json */ = {isa = PBXFileReference; fileEncoding = 4; lastKnownFileType = text.json; path = "UIKit 3.json"; sourceTree = "<group>"; };
		C2F362252CA41150000546A1 /* MainViewModelTests.swift */ = {isa = PBXFileReference; lastKnownFileType = sourcecode.swift; path = MainViewModelTests.swift; sourceTree = "<group>"; };
		C2F3622B2CA41193000546A1 /* RevisionAppTests.xctest */ = {isa = PBXFileReference; explicitFileType = wrapper.cfbundle; includeInIndex = 0; path = RevisionAppTests.xctest; sourceTree = BUILT_PRODUCTS_DIR; };
		C2F3622D2CA41194000546A1 /* RevisionAppTests.swift */ = {isa = PBXFileReference; lastKnownFileType = sourcecode.swift; path = RevisionAppTests.swift; sourceTree = "<group>"; };
		C2F362352CA5F016000546A1 /* QuizViewModel.swift */ = {isa = PBXFileReference; fileEncoding = 4; lastKnownFileType = sourcecode.swift; path = QuizViewModel.swift; sourceTree = "<group>"; };
/* End PBXFileReference section */

/* Begin PBXFrameworksBuildPhase section */
		C20CF2BC2C6A974A009CE98E /* Frameworks */ = {
			isa = PBXFrameworksBuildPhase;
			buildActionMask = 2147483647;
			files = (
			);
			runOnlyForDeploymentPostprocessing = 0;
		};
		C2F362282CA41193000546A1 /* Frameworks */ = {
			isa = PBXFrameworksBuildPhase;
			buildActionMask = 2147483647;
			files = (
			);
			runOnlyForDeploymentPostprocessing = 0;
		};
/* End PBXFrameworksBuildPhase section */

/* Begin PBXGroup section */
		C20CF2B62C6A974A009CE98E = {
			isa = PBXGroup;
			children = (
				C20CF2C12C6A974A009CE98E /* RevisionApp */,
				C2F3622C2CA41194000546A1 /* RevisionAppTests */,
				C20CF2C02C6A974A009CE98E /* Products */,
			);
			sourceTree = "<group>";
		};
		C20CF2C02C6A974A009CE98E /* Products */ = {
			isa = PBXGroup;
			children = (
				C20CF2BF2C6A974A009CE98E /* RevisionApp.app */,
				C2F3622B2CA41193000546A1 /* RevisionAppTests.xctest */,
			);
			name = Products;
			sourceTree = "<group>";
		};
		C20CF2C12C6A974A009CE98E /* RevisionApp */ = {
			isa = PBXGroup;
			children = (
				C20CF2C22C6A974A009CE98E /* RevisionAppApp.swift */,
				C2F361822C7FCB4E000546A1 /* Router.swift */,
				C2F361842C7FCBFB000546A1 /* RouterProtocol.swift */,
				C2F361F62C9B5BA0000546A1 /* TabView.swift */,
				C2F361E82C99E08F000546A1 /* Profile */,
				C2F361802C7FCA81000546A1 /* MainView */,
				C2F361812C7FCAE8000546A1 /* QuizContent */,
				C2F362242CA4108C000546A1 /* Quizzes */,
				C20CF2C62C6A974C009CE98E /* Assets.xcassets */,
				C20CF2C82C6A974C009CE98E /* Preview Content */,
			);
			path = RevisionApp;
			sourceTree = "<group>";
		};
		C20CF2C82C6A974C009CE98E /* Preview Content */ = {
			isa = PBXGroup;
			children = (
				C20CF2C92C6A974C009CE98E /* Preview Assets.xcassets */,
			);
			path = "Preview Content";
			sourceTree = "<group>";
		};
		C2542F932CDD4D56003188E7 /* Category */ = {
			isa = PBXGroup;
			children = (
				C2542F912CDD4945003188E7 /* CategoryView.swift */,
				C2542F962CDD665B003188E7 /* CatergoriesViewModel.swift */,
			);
			path = Category;
			sourceTree = "<group>";
		};
		C2997DAD2CA9C9BF007C69D6 /* OverviewLists */ = {
			isa = PBXGroup;
			children = (
				C2F361D32C95C098000546A1 /* Quizzes.json */,
				C2F361F32C9B1AF3000546A1 /* Categories.json */,
			);
			path = OverviewLists;
			sourceTree = "<group>";
		};
		C2997DAE2CA9C9CD007C69D6 /* General */ = {
			isa = PBXGroup;
			children = (
				C20CF2E82C6BED8C009CE98E /* General.json */,
				C2F361DA2C9764A9000546A1 /* General 2.json */,
				C2F361DC2C976530000546A1 /* General 3.json */,
				C2F361DE2C976566000546A1 /* General 4.json */,
				C2F361E22C9767C3000546A1 /* General 5.json */,
				C2F361E42C98BF36000546A1 /* General 6.json */,
			);
			path = General;
			sourceTree = "<group>";
		};
		C2997DAF2CA9C9D6007C69D6 /* Combine */ = {
			isa = PBXGroup;
			children = (
				C2F361C82C9060C2000546A1 /* Combine.json */,
				C2F361F82CA1A12D000546A1 /* Combine 2.json */,
				C2F361FA2CA1A3E2000546A1 /* Combine 3.json */,
			);
			path = Combine;
			sourceTree = "<group>";
		};
		C2997DB02CA9C9DF007C69D6 /* Architecture */ = {
			isa = PBXGroup;
			children = (
				C2F361CA2C90617D000546A1 /* Architecture.json */,
				C2542F8F2CD006AD003188E7 /* Practical MVVM.json */,
			);
			path = Architecture;
			sourceTree = "<group>";
		};
		C2997DB12CA9C9E6007C69D6 /* UIKit */ = {
			isa = PBXGroup;
			children = (
				C2F361FC2CA1DF7F000546A1 /* UIKit 1.json */,
				C2F361FE2CA1DF9B000546A1 /* UIKit 2.json */,
				C2F362002CA1DFB0000546A1 /* UIKit 3.json */,
			);
			path = UIKit;
			sourceTree = "<group>";
		};
		C2997DB22CA9C9F4007C69D6 /* SwiftUI */ = {
			isa = PBXGroup;
			children = (
				C2F361CC2C9062F6000546A1 /* SwiftUI.json */,
			);
			path = SwiftUI;
			sourceTree = "<group>";
		};
		C2997DB32CA9C9F9007C69D6 /* Access and Visibility */ = {
			isa = PBXGroup;
			children = (
				C2F361CE2C90651E000546A1 /* Access and Visibility.json */,
			);
			path = "Access and Visibility";
			sourceTree = "<group>";
		};
		C2F361802C7FCA81000546A1 /* MainView */ = {
			isa = PBXGroup;
			children = (
				C2F3617C2C7FC993000546A1 /* QuizMenuView.swift */,
				C2F361EB2C9A020D000546A1 /* BannerView.swift */,
				C2F361F52C9B1B1F000546A1 /* Carousel */,
				C2F3617E2C7FCA26000546A1 /* MainViewModel.swift */,
				C2542F942CDD62DF003188E7 /* QuizSelector.swift */,
				C2F361BC2C84FA9F000546A1 /* MainButtonModifier.swift */,
			);
			path = MainView;
			sourceTree = "<group>";
		};
		C2F361812C7FCAE8000546A1 /* QuizContent */ = {
			isa = PBXGroup;
			children = (
				C2F361C02C87A421000546A1 /* QuizView */,
				C20CF2D22C6A9ABD009CE98E /* QuizViewModel.swift */,
				C20CF2D02C6A9A53009CE98E /* QuizModel.swift */,
				C2F361D22C906F7F000546A1 /* Finished */,
				C2F361D72C973EE2000546A1 /* Helpers */,
			);
			path = QuizContent;
			sourceTree = "<group>";
		};
		C2F361C02C87A421000546A1 /* QuizView */ = {
			isa = PBXGroup;
			children = (
				C20CF2C42C6A974A009CE98E /* QuizView.swift */,
				C2F361C32C890941000546A1 /* AnswerSheet */,
				C20CF2D42C6BD866009CE98E /* AnswerButton.swift */,
			);
			path = QuizView;
			sourceTree = "<group>";
		};
		C2F361C32C890941000546A1 /* AnswerSheet */ = {
			isa = PBXGroup;
			children = (
				C2F361BE2C87A150000546A1 /* AnswerSheetView.swift */,
				C2F361C42C890A4D000546A1 /* CorrectAnswerSheet.swift */,
				C2F361C12C89093C000546A1 /* IncorrectAnswerSheet.swift */,
			);
			path = AnswerSheet;
			sourceTree = "<group>";
		};
		C2F361D22C906F7F000546A1 /* Finished */ = {
			isa = PBXGroup;
			children = (
				C2F361D02C906B6C000546A1 /* QuizFinishedView.swift */,
			);
			path = Finished;
			sourceTree = "<group>";
		};
		C2F361D72C973EE2000546A1 /* Helpers */ = {
			isa = PBXGroup;
			children = (
				C2F361D52C973ED6000546A1 /* ScoreManager.swift */,
			);
			path = Helpers;
			sourceTree = "<group>";
		};
		C2F361E82C99E08F000546A1 /* Profile */ = {
			isa = PBXGroup;
			children = (
				C2F361E62C99E084000546A1 /* ProfileView.swift */,
				C2F361E92C99E1C7000546A1 /* ProfileStatView.swift */,
				C2549A6C2CC6AC730088A1A9 /* ProfileSheetView.swift */,
			);
			path = Profile;
			sourceTree = "<group>";
		};
		C2F361F52C9B1B1F000546A1 /* Carousel */ = {
			isa = PBXGroup;
			children = (
				C2F361ED2C9A4466000546A1 /* QuizCarouselView.swift */,
				C2F361EF2C9B0746000546A1 /* QuizCarouselViewModel.swift */,
				C2542F932CDD4D56003188E7 /* Category */,
			);
			path = Carousel;
			sourceTree = "<group>";
		};
		C2F362242CA4108C000546A1 /* Quizzes */ = {
			isa = PBXGroup;
			children = (
				C2F361F12C9B0BB9000546A1 /* Daily Quiz.json */,
				C2997DAD2CA9C9BF007C69D6 /* OverviewLists */,
				C2997DAE2CA9C9CD007C69D6 /* General */,
				C2997DAF2CA9C9D6007C69D6 /* Combine */,
				C2997DB02CA9C9DF007C69D6 /* Architecture */,
				C2997DB12CA9C9E6007C69D6 /* UIKit */,
				C2997DB22CA9C9F4007C69D6 /* SwiftUI */,
				C2997DB32CA9C9F9007C69D6 /* Access and Visibility */,
			);
			path = Quizzes;
			sourceTree = "<group>";
		};
		C2F3622C2CA41194000546A1 /* RevisionAppTests */ = {
			isa = PBXGroup;
			children = (
				C2F362252CA41150000546A1 /* MainViewModelTests.swift */,
				C2F362352CA5F016000546A1 /* QuizViewModel.swift */,
				C2F3622D2CA41194000546A1 /* RevisionAppTests.swift */,
			);
			path = RevisionAppTests;
			sourceTree = "<group>";
		};
/* End PBXGroup section */

/* Begin PBXNativeTarget section */
		C20CF2BE2C6A974A009CE98E /* RevisionApp */ = {
			isa = PBXNativeTarget;
			buildConfigurationList = C20CF2CD2C6A974C009CE98E /* Build configuration list for PBXNativeTarget "RevisionApp" */;
			buildPhases = (
				C20CF2BB2C6A974A009CE98E /* Sources */,
				C20CF2BC2C6A974A009CE98E /* Frameworks */,
				C20CF2BD2C6A974A009CE98E /* Resources */,
			);
			buildRules = (
			);
			dependencies = (
			);
			name = RevisionApp;
			packageProductDependencies = (
			);
			productName = RevisionApp;
			productReference = C20CF2BF2C6A974A009CE98E /* RevisionApp.app */;
			productType = "com.apple.product-type.application";
		};
		C2F3622A2CA41193000546A1 /* RevisionAppTests */ = {
			isa = PBXNativeTarget;
			buildConfigurationList = C2F362312CA41194000546A1 /* Build configuration list for PBXNativeTarget "RevisionAppTests" */;
			buildPhases = (
				C2F362272CA41193000546A1 /* Sources */,
				C2F362282CA41193000546A1 /* Frameworks */,
				C2F362292CA41193000546A1 /* Resources */,
			);
			buildRules = (
			);
			dependencies = (
				C2F362302CA41194000546A1 /* PBXTargetDependency */,
			);
			name = RevisionAppTests;
			productName = RevisionAppTests;
			productReference = C2F3622B2CA41193000546A1 /* RevisionAppTests.xctest */;
			productType = "com.apple.product-type.bundle.unit-test";
		};
/* End PBXNativeTarget section */

/* Begin PBXProject section */
		C20CF2B72C6A974A009CE98E /* Project object */ = {
			isa = PBXProject;
			attributes = {
				BuildIndependentTargetsInParallel = 1;
				LastSwiftUpdateCheck = 1540;
				LastUpgradeCheck = 1540;
				TargetAttributes = {
					C20CF2BE2C6A974A009CE98E = {
						CreatedOnToolsVersion = 15.4;
					};
					C2F3622A2CA41193000546A1 = {
						CreatedOnToolsVersion = 15.4;
						TestTargetID = C20CF2BE2C6A974A009CE98E;
					};
				};
			};
			buildConfigurationList = C20CF2BA2C6A974A009CE98E /* Build configuration list for PBXProject "RevisionApp" */;
			compatibilityVersion = "Xcode 14.0";
			developmentRegion = en;
			hasScannedForEncodings = 0;
			knownRegions = (
				en,
				Base,
			);
			mainGroup = C20CF2B62C6A974A009CE98E;
			packageReferences = (
				C20CF2DA2C6BE430009CE98E /* XCRemoteSwiftPackageReference "firebase-ios-sdk" */,
			);
			productRefGroup = C20CF2C02C6A974A009CE98E /* Products */;
			projectDirPath = "";
			projectRoot = "";
			targets = (
				C20CF2BE2C6A974A009CE98E /* RevisionApp */,
				C2F3622A2CA41193000546A1 /* RevisionAppTests */,
			);
		};
/* End PBXProject section */

/* Begin PBXResourcesBuildPhase section */
		C20CF2BD2C6A974A009CE98E /* Resources */ = {
			isa = PBXResourcesBuildPhase;
			buildActionMask = 2147483647;
			files = (
				C2F361FD2CA1DF7F000546A1 /* UIKit 1.json in Resources */,
				C2F361FF2CA1DF9B000546A1 /* UIKit 2.json in Resources */,
				C2F361E32C9767C3000546A1 /* General 5.json in Resources */,
				C2F361DB2C9764A9000546A1 /* General 2.json in Resources */,
				C2F361FB2CA1A3E2000546A1 /* Combine 3.json in Resources */,
				C2F361CF2C90651E000546A1 /* Access and Visibility.json in Resources */,
				C2F361E52C98BF36000546A1 /* General 6.json in Resources */,
				C2F361C92C9060C2000546A1 /* Combine.json in Resources */,
				C2F361F92CA1A12D000546A1 /* Combine 2.json in Resources */,
				C20CF2CA2C6A974C009CE98E /* Preview Assets.xcassets in Resources */,
				C2542F902CD006AD003188E7 /* Practical MVVM.json in Resources */,
				C2F361F22C9B0BB9000546A1 /* Daily Quiz.json in Resources */,
				C2F361CD2C9062F6000546A1 /* SwiftUI.json in Resources */,
				C20CF2E92C6BED8C009CE98E /* General.json in Resources */,
				C2F362012CA1DFB0000546A1 /* UIKit 3.json in Resources */,
				C2F361F42C9B1AF3000546A1 /* Categories.json in Resources */,
				C2F361DD2C976530000546A1 /* General 3.json in Resources */,
				C20CF2C72C6A974C009CE98E /* Assets.xcassets in Resources */,
				C2F361CB2C90617D000546A1 /* Architecture.json in Resources */,
				C2F361DF2C976566000546A1 /* General 4.json in Resources */,
				C2F361D42C95C098000546A1 /* Quizzes.json in Resources */,
			);
			runOnlyForDeploymentPostprocessing = 0;
		};
		C2F362292CA41193000546A1 /* Resources */ = {
			isa = PBXResourcesBuildPhase;
			buildActionMask = 2147483647;
			files = (
			);
			runOnlyForDeploymentPostprocessing = 0;
		};
/* End PBXResourcesBuildPhase section */

/* Begin PBXSourcesBuildPhase section */
		C20CF2BB2C6A974A009CE98E /* Sources */ = {
			isa = PBXSourcesBuildPhase;
			buildActionMask = 2147483647;
			files = (
				C2F361852C7FCBFB000546A1 /* RouterProtocol.swift in Sources */,
				C2F361BF2C87A150000546A1 /* AnswerSheetView.swift in Sources */,
				C2F3617F2C7FCA26000546A1 /* MainViewModel.swift in Sources */,
				C20CF2D52C6BD866009CE98E /* AnswerButton.swift in Sources */,
				C2F361F72C9B5BA0000546A1 /* TabView.swift in Sources */,
				C2542F972CDD665B003188E7 /* CatergoriesViewModel.swift in Sources */,
				C2F361C52C890A4D000546A1 /* CorrectAnswerSheet.swift in Sources */,
				C2F361F02C9B0746000546A1 /* QuizCarouselViewModel.swift in Sources */,
				C2F361EA2C99E1C7000546A1 /* ProfileStatView.swift in Sources */,
				C2F361D12C906B6C000546A1 /* QuizFinishedView.swift in Sources */,
				C2F361EE2C9A4466000546A1 /* QuizCarouselView.swift in Sources */,
				C2F361EC2C9A020D000546A1 /* BannerView.swift in Sources */,
				C2F3617D2C7FC993000546A1 /* QuizMenuView.swift in Sources */,
				C20CF2D12C6A9A53009CE98E /* QuizModel.swift in Sources */,
				C2F361E72C99E084000546A1 /* ProfileView.swift in Sources */,
				C2F361BD2C84FA9F000546A1 /* MainButtonModifier.swift in Sources */,
				C2F361832C7FCB4E000546A1 /* Router.swift in Sources */,
				C20CF2C52C6A974A009CE98E /* QuizView.swift in Sources */,
				C20CF2C32C6A974A009CE98E /* RevisionAppApp.swift in Sources */,
				C2542F952CDD62E1003188E7 /* QuizSelector.swift in Sources */,
				C2542F922CDD4945003188E7 /* CategoryView.swift in Sources */,
				C2549A6D2CC6AC740088A1A9 /* ProfileSheetView.swift in Sources */,
				C2F361D62C973ED6000546A1 /* ScoreManager.swift in Sources */,
				C20CF2D32C6A9ABD009CE98E /* QuizViewModel.swift in Sources */,
				C2F361C22C89093C000546A1 /* IncorrectAnswerSheet.swift in Sources */,
			);
			runOnlyForDeploymentPostprocessing = 0;
		};
		C2F362272CA41193000546A1 /* Sources */ = {
			isa = PBXSourcesBuildPhase;
			buildActionMask = 2147483647;
			files = (
				C2F362362CA5F016000546A1 /* QuizViewModel.swift in Sources */,
				C2F3622E2CA41194000546A1 /* RevisionAppTests.swift in Sources */,
				C2F362342CA41198000546A1 /* MainViewModelTests.swift in Sources */,
			);
			runOnlyForDeploymentPostprocessing = 0;
		};
/* End PBXSourcesBuildPhase section */

/* Begin PBXTargetDependency section */
		C2F362302CA41194000546A1 /* PBXTargetDependency */ = {
			isa = PBXTargetDependency;
			target = C20CF2BE2C6A974A009CE98E /* RevisionApp */;
			targetProxy = C2F3622F2CA41194000546A1 /* PBXContainerItemProxy */;
		};
/* End PBXTargetDependency section */

/* Begin XCBuildConfiguration section */
		C20CF2CB2C6A974C009CE98E /* Debug */ = {
			isa = XCBuildConfiguration;
			buildSettings = {
				ALWAYS_SEARCH_USER_PATHS = NO;
				ASSETCATALOG_COMPILER_GENERATE_SWIFT_ASSET_SYMBOL_EXTENSIONS = YES;
				CLANG_ANALYZER_NONNULL = YES;
				CLANG_ANALYZER_NUMBER_OBJECT_CONVERSION = YES_AGGRESSIVE;
				CLANG_CXX_LANGUAGE_STANDARD = "gnu++20";
				CLANG_ENABLE_MODULES = YES;
				CLANG_ENABLE_OBJC_ARC = YES;
				CLANG_ENABLE_OBJC_WEAK = YES;
				CLANG_WARN_BLOCK_CAPTURE_AUTORELEASING = YES;
				CLANG_WARN_BOOL_CONVERSION = YES;
				CLANG_WARN_COMMA = YES;
				CLANG_WARN_CONSTANT_CONVERSION = YES;
				CLANG_WARN_DEPRECATED_OBJC_IMPLEMENTATIONS = YES;
				CLANG_WARN_DIRECT_OBJC_ISA_USAGE = YES_ERROR;
				CLANG_WARN_DOCUMENTATION_COMMENTS = YES;
				CLANG_WARN_EMPTY_BODY = YES;
				CLANG_WARN_ENUM_CONVERSION = YES;
				CLANG_WARN_INFINITE_RECURSION = YES;
				CLANG_WARN_INT_CONVERSION = YES;
				CLANG_WARN_NON_LITERAL_NULL_CONVERSION = YES;
				CLANG_WARN_OBJC_IMPLICIT_RETAIN_SELF = YES;
				CLANG_WARN_OBJC_LITERAL_CONVERSION = YES;
				CLANG_WARN_OBJC_ROOT_CLASS = YES_ERROR;
				CLANG_WARN_QUOTED_INCLUDE_IN_FRAMEWORK_HEADER = YES;
				CLANG_WARN_RANGE_LOOP_ANALYSIS = YES;
				CLANG_WARN_STRICT_PROTOTYPES = YES;
				CLANG_WARN_SUSPICIOUS_MOVE = YES;
				CLANG_WARN_UNGUARDED_AVAILABILITY = YES_AGGRESSIVE;
				CLANG_WARN_UNREACHABLE_CODE = YES;
				CLANG_WARN__DUPLICATE_METHOD_MATCH = YES;
				COPY_PHASE_STRIP = NO;
				DEBUG_INFORMATION_FORMAT = dwarf;
				ENABLE_STRICT_OBJC_MSGSEND = YES;
				ENABLE_TESTABILITY = YES;
				ENABLE_USER_SCRIPT_SANDBOXING = YES;
				GCC_C_LANGUAGE_STANDARD = gnu17;
				GCC_DYNAMIC_NO_PIC = NO;
				GCC_NO_COMMON_BLOCKS = YES;
				GCC_OPTIMIZATION_LEVEL = 0;
				GCC_PREPROCESSOR_DEFINITIONS = (
					"DEBUG=1",
					"$(inherited)",
				);
				GCC_WARN_64_TO_32_BIT_CONVERSION = YES;
				GCC_WARN_ABOUT_RETURN_TYPE = YES_ERROR;
				GCC_WARN_UNDECLARED_SELECTOR = YES;
				GCC_WARN_UNINITIALIZED_AUTOS = YES_AGGRESSIVE;
				GCC_WARN_UNUSED_FUNCTION = YES;
				GCC_WARN_UNUSED_VARIABLE = YES;
				IPHONEOS_DEPLOYMENT_TARGET = 17.5;
				LOCALIZATION_PREFERS_STRING_CATALOGS = YES;
				MTL_ENABLE_DEBUG_INFO = INCLUDE_SOURCE;
				MTL_FAST_MATH = YES;
				ONLY_ACTIVE_ARCH = YES;
				SDKROOT = iphoneos;
				SWIFT_ACTIVE_COMPILATION_CONDITIONS = "DEBUG $(inherited)";
				SWIFT_OPTIMIZATION_LEVEL = "-Onone";
			};
			name = Debug;
		};
		C20CF2CC2C6A974C009CE98E /* Release */ = {
			isa = XCBuildConfiguration;
			buildSettings = {
				ALWAYS_SEARCH_USER_PATHS = NO;
				ASSETCATALOG_COMPILER_GENERATE_SWIFT_ASSET_SYMBOL_EXTENSIONS = YES;
				CLANG_ANALYZER_NONNULL = YES;
				CLANG_ANALYZER_NUMBER_OBJECT_CONVERSION = YES_AGGRESSIVE;
				CLANG_CXX_LANGUAGE_STANDARD = "gnu++20";
				CLANG_ENABLE_MODULES = YES;
				CLANG_ENABLE_OBJC_ARC = YES;
				CLANG_ENABLE_OBJC_WEAK = YES;
				CLANG_WARN_BLOCK_CAPTURE_AUTORELEASING = YES;
				CLANG_WARN_BOOL_CONVERSION = YES;
				CLANG_WARN_COMMA = YES;
				CLANG_WARN_CONSTANT_CONVERSION = YES;
				CLANG_WARN_DEPRECATED_OBJC_IMPLEMENTATIONS = YES;
				CLANG_WARN_DIRECT_OBJC_ISA_USAGE = YES_ERROR;
				CLANG_WARN_DOCUMENTATION_COMMENTS = YES;
				CLANG_WARN_EMPTY_BODY = YES;
				CLANG_WARN_ENUM_CONVERSION = YES;
				CLANG_WARN_INFINITE_RECURSION = YES;
				CLANG_WARN_INT_CONVERSION = YES;
				CLANG_WARN_NON_LITERAL_NULL_CONVERSION = YES;
				CLANG_WARN_OBJC_IMPLICIT_RETAIN_SELF = YES;
				CLANG_WARN_OBJC_LITERAL_CONVERSION = YES;
				CLANG_WARN_OBJC_ROOT_CLASS = YES_ERROR;
				CLANG_WARN_QUOTED_INCLUDE_IN_FRAMEWORK_HEADER = YES;
				CLANG_WARN_RANGE_LOOP_ANALYSIS = YES;
				CLANG_WARN_STRICT_PROTOTYPES = YES;
				CLANG_WARN_SUSPICIOUS_MOVE = YES;
				CLANG_WARN_UNGUARDED_AVAILABILITY = YES_AGGRESSIVE;
				CLANG_WARN_UNREACHABLE_CODE = YES;
				CLANG_WARN__DUPLICATE_METHOD_MATCH = YES;
				COPY_PHASE_STRIP = NO;
				DEBUG_INFORMATION_FORMAT = "dwarf-with-dsym";
				ENABLE_NS_ASSERTIONS = NO;
				ENABLE_STRICT_OBJC_MSGSEND = YES;
				ENABLE_USER_SCRIPT_SANDBOXING = YES;
				GCC_C_LANGUAGE_STANDARD = gnu17;
				GCC_NO_COMMON_BLOCKS = YES;
				GCC_WARN_64_TO_32_BIT_CONVERSION = YES;
				GCC_WARN_ABOUT_RETURN_TYPE = YES_ERROR;
				GCC_WARN_UNDECLARED_SELECTOR = YES;
				GCC_WARN_UNINITIALIZED_AUTOS = YES_AGGRESSIVE;
				GCC_WARN_UNUSED_FUNCTION = YES;
				GCC_WARN_UNUSED_VARIABLE = YES;
				IPHONEOS_DEPLOYMENT_TARGET = 17.5;
				LOCALIZATION_PREFERS_STRING_CATALOGS = YES;
				MTL_ENABLE_DEBUG_INFO = NO;
				MTL_FAST_MATH = YES;
				SDKROOT = iphoneos;
				SWIFT_COMPILATION_MODE = wholemodule;
				VALIDATE_PRODUCT = YES;
			};
			name = Release;
		};
		C20CF2CE2C6A974C009CE98E /* Debug */ = {
			isa = XCBuildConfiguration;
			buildSettings = {
				ASSETCATALOG_COMPILER_APPICON_NAME = AppIcon;
				ASSETCATALOG_COMPILER_GLOBAL_ACCENT_COLOR_NAME = AccentColor;
				CODE_SIGN_STYLE = Automatic;
				CURRENT_PROJECT_VERSION = 1;
				DEVELOPMENT_ASSET_PATHS = "\"RevisionApp/Preview Content\"";
				DEVELOPMENT_TEAM = 24YMX7WMLR;
				ENABLE_PREVIEWS = YES;
				GENERATE_INFOPLIST_FILE = YES;
				INFOPLIST_KEY_UIApplicationSceneManifest_Generation = YES;
				INFOPLIST_KEY_UIApplicationSupportsIndirectInputEvents = YES;
				INFOPLIST_KEY_UILaunchScreen_Generation = YES;
				INFOPLIST_KEY_UISupportedInterfaceOrientations_iPad = "UIInterfaceOrientationPortrait UIInterfaceOrientationPortraitUpsideDown UIInterfaceOrientationLandscapeLeft UIInterfaceOrientationLandscapeRight";
				INFOPLIST_KEY_UISupportedInterfaceOrientations_iPhone = "UIInterfaceOrientationPortrait UIInterfaceOrientationLandscapeLeft UIInterfaceOrientationLandscapeRight";
				LD_RUNPATH_SEARCH_PATHS = (
					"$(inherited)",
					"@executable_path/Frameworks",
				);
				MARKETING_VERSION = 1.0;
				PRODUCT_BUNDLE_IDENTIFIER = com.joeazt.RevisionApp;
				PRODUCT_NAME = "$(TARGET_NAME)";
				SWIFT_EMIT_LOC_STRINGS = YES;
				SWIFT_VERSION = 5.0;
				TARGETED_DEVICE_FAMILY = "1,2";
			};
			name = Debug;
		};
		C20CF2CF2C6A974C009CE98E /* Release */ = {
			isa = XCBuildConfiguration;
			buildSettings = {
				ASSETCATALOG_COMPILER_APPICON_NAME = AppIcon;
				ASSETCATALOG_COMPILER_GLOBAL_ACCENT_COLOR_NAME = AccentColor;
				CODE_SIGN_STYLE = Automatic;
				CURRENT_PROJECT_VERSION = 1;
				DEVELOPMENT_ASSET_PATHS = "\"RevisionApp/Preview Content\"";
				DEVELOPMENT_TEAM = 24YMX7WMLR;
				ENABLE_PREVIEWS = YES;
				GENERATE_INFOPLIST_FILE = YES;
				INFOPLIST_KEY_UIApplicationSceneManifest_Generation = YES;
				INFOPLIST_KEY_UIApplicationSupportsIndirectInputEvents = YES;
				INFOPLIST_KEY_UILaunchScreen_Generation = YES;
				INFOPLIST_KEY_UISupportedInterfaceOrientations_iPad = "UIInterfaceOrientationPortrait UIInterfaceOrientationPortraitUpsideDown UIInterfaceOrientationLandscapeLeft UIInterfaceOrientationLandscapeRight";
				INFOPLIST_KEY_UISupportedInterfaceOrientations_iPhone = "UIInterfaceOrientationPortrait UIInterfaceOrientationLandscapeLeft UIInterfaceOrientationLandscapeRight";
				LD_RUNPATH_SEARCH_PATHS = (
					"$(inherited)",
					"@executable_path/Frameworks",
				);
				MARKETING_VERSION = 1.0;
				PRODUCT_BUNDLE_IDENTIFIER = com.joeazt.RevisionApp;
				PRODUCT_NAME = "$(TARGET_NAME)";
				SWIFT_EMIT_LOC_STRINGS = YES;
				SWIFT_VERSION = 5.0;
				TARGETED_DEVICE_FAMILY = "1,2";
			};
			name = Release;
		};
		C2F362322CA41194000546A1 /* Debug */ = {
			isa = XCBuildConfiguration;
			buildSettings = {
				BUNDLE_LOADER = "$(TEST_HOST)";
				CODE_SIGN_STYLE = Automatic;
				CURRENT_PROJECT_VERSION = 1;
				DEVELOPMENT_TEAM = 24YMX7WMLR;
				GENERATE_INFOPLIST_FILE = YES;
				MARKETING_VERSION = 1.0;
				PRODUCT_BUNDLE_IDENTIFIER = com.joeazt.RevisionAppTests;
				PRODUCT_NAME = "$(TARGET_NAME)";
				SWIFT_EMIT_LOC_STRINGS = NO;
				SWIFT_VERSION = 5.0;
				TARGETED_DEVICE_FAMILY = "1,2";
				TEST_HOST = "$(BUILT_PRODUCTS_DIR)/RevisionApp.app/$(BUNDLE_EXECUTABLE_FOLDER_PATH)/RevisionApp";
			};
			name = Debug;
		};
		C2F362332CA41194000546A1 /* Release */ = {
			isa = XCBuildConfiguration;
			buildSettings = {
				BUNDLE_LOADER = "$(TEST_HOST)";
				CODE_SIGN_STYLE = Automatic;
				CURRENT_PROJECT_VERSION = 1;
				DEVELOPMENT_TEAM = 24YMX7WMLR;
				GENERATE_INFOPLIST_FILE = YES;
				MARKETING_VERSION = 1.0;
				PRODUCT_BUNDLE_IDENTIFIER = com.joeazt.RevisionAppTests;
				PRODUCT_NAME = "$(TARGET_NAME)";
				SWIFT_EMIT_LOC_STRINGS = NO;
				SWIFT_VERSION = 5.0;
				TARGETED_DEVICE_FAMILY = "1,2";
				TEST_HOST = "$(BUILT_PRODUCTS_DIR)/RevisionApp.app/$(BUNDLE_EXECUTABLE_FOLDER_PATH)/RevisionApp";
			};
			name = Release;
		};
/* End XCBuildConfiguration section */

/* Begin XCConfigurationList section */
		C20CF2BA2C6A974A009CE98E /* Build configuration list for PBXProject "RevisionApp" */ = {
			isa = XCConfigurationList;
			buildConfigurations = (
				C20CF2CB2C6A974C009CE98E /* Debug */,
				C20CF2CC2C6A974C009CE98E /* Release */,
			);
			defaultConfigurationIsVisible = 0;
			defaultConfigurationName = Release;
		};
		C20CF2CD2C6A974C009CE98E /* Build configuration list for PBXNativeTarget "RevisionApp" */ = {
			isa = XCConfigurationList;
			buildConfigurations = (
				C20CF2CE2C6A974C009CE98E /* Debug */,
				C20CF2CF2C6A974C009CE98E /* Release */,
			);
			defaultConfigurationIsVisible = 0;
			defaultConfigurationName = Release;
		};
		C2F362312CA41194000546A1 /* Build configuration list for PBXNativeTarget "RevisionAppTests" */ = {
			isa = XCConfigurationList;
			buildConfigurations = (
				C2F362322CA41194000546A1 /* Debug */,
				C2F362332CA41194000546A1 /* Release */,
			);
			defaultConfigurationIsVisible = 0;
			defaultConfigurationName = Release;
		};
/* End XCConfigurationList section */

/* Begin XCRemoteSwiftPackageReference section */
		C20CF2DA2C6BE430009CE98E /* XCRemoteSwiftPackageReference "firebase-ios-sdk" */ = {
			isa = XCRemoteSwiftPackageReference;
			repositoryURL = "https://github.com/firebase/firebase-ios-sdk";
			requirement = {
				kind = upToNextMajorVersion;
				minimumVersion = 11.0.0;
			};
		};
/* End XCRemoteSwiftPackageReference section */
	};
	rootObject = C20CF2B72C6A974A009CE98E /* Project object */;
}
